
Microsoft Visual Studio Solution File, Format Version 12.00
# Visual Studio Version 16
VisualStudioVersion = 16.0.28729.10
MinimumVisualStudioVersion = 15.0.26124.0
Project("{FAE04EC0-301F-11D3-BF4B-00C04F79EFBC}") = "ConsoleApp1", "Folder1\Folder1.1\ConsoleApp1\ConsoleApp1.csproj", "{A4395EC9-46F2-4276-9935-865D90946345}"
EndProject
Project("{2150E333-8FDC-42A3-9474-1A3956D46DE8}") = "Folder1", "Folder1", "{472899F5-8247-468B-BE31-E6D692C797D3}"
EndProject
Project("{2150E333-8FDC-42A3-9474-1A3956D46DE8}") = "Folder1.1", "Folder1.1", "{A782C26A-40BE-4BDD-9FB5-2EB4C6A228E5}"
EndProject
Project("{2150E333-8FDC-42A3-9474-1A3956D46DE8}") = "Folder1.2", "Folder1.2", "{8F25E1F2-D5F9-4CD1-AD94-E89288E007CF}"
EndProject
Project("{2150E333-8FDC-42A3-9474-1A3956D46DE8}") = "Folder2", "Folder2", "{F2C02898-A191-478F-873F-C5D96FABC134}"
EndProject
Project("{2150E333-8FDC-42A3-9474-1A3956D46DE8}") = "Folder2.1", "Folder2.1", "{BA84A460-EFAC-417D-A3E4-51514D5FEC7F}"
EndProject
Project("{2150E333-8FDC-42A3-9474-1A3956D46DE8}") = "Folder2.2", "Folder2.2", "{9E723D17-68AE-4907-A7C5-6F8EAA929EA3}"
EndProject
Project("{FAE04EC0-301F-11D3-BF4B-00C04F79EFBC}") = "ClassLibrary1", "Folder1\Folder1.1\ClassLibrary1\ClassLibrary1.csproj", "{FFDEA588-7659-4226-AE4B-83FE7363C5F5}"
EndProject
Project("{FAE04EC0-301F-11D3-BF4B-00C04F79EFBC}") = "ClassLibrary2", "Folder1\Folder1.2\ClassLibrary2\ClassLibrary2.csproj", "{627B32DD-77F4-458F-88C2-EA9532288F95}"
EndProject
Project("{FAE04EC0-301F-11D3-BF4B-00C04F79EFBC}") = "ClassLibrary3", "Folder2\Folder2.1\ClassLibrary3\ClassLibrary3.csproj", "{2357F78F-1E71-430C-822D-F504EB33B5DD}"
EndProject
Project("{FAE04EC0-301F-11D3-BF4B-00C04F79EFBC}") = "ClassLibrary4", "Folder2\Folder2.2\ClassLibrary4\ClassLibrary4.csproj", "{E7354E66-39F1-4F20-B3A8-A01DF754CCF2}"
EndProject
Project("{FAE04EC0-301F-11D3-BF4B-00C04F79EFBC}") = "ClassLibrary5", "Folder1\Folder1.2\ClassLibrary5\ClassLibrary5.csproj", "{86A6ADA1-B4AC-49C0-B75F-39324862403C}"
EndProject
Project("{FAE04EC0-301F-11D3-BF4B-00C04F79EFBC}") = "ClassLibrary6", "Folder2\Folder2.1\ClassLibrary6\ClassLibrary6.csproj", "{AE5769BD-7730-46D6-B19C-C7F8C8074ECE}"
EndProject
Project("{FAE04EC0-301F-11D3-BF4B-00C04F79EFBC}") = "ClassLibrary7", "Folder2\Folder2.2\ClassLibrary7\ClassLibrary7.csproj", "{9BA2D7CD-8A5C-4C81-8D12-16BB15A86057}"
EndProject
Global
	GlobalSection(SolutionConfigurationPlatforms) = preSolution
		Debug|Any CPU = Debug|Any CPU
		Debug|x64 = Debug|x64
		Debug|x86 = Debug|x86
		Release|Any CPU = Release|Any CPU
		Release|x64 = Release|x64
		Release|x86 = Release|x86
	EndGlobalSection
	GlobalSection(ProjectConfigurationPlatforms) = postSolution
		{A4395EC9-46F2-4276-9935-865D90946345}.Debug|Any CPU.ActiveCfg = Debug|Any CPU
		{A4395EC9-46F2-4276-9935-865D90946345}.Debug|Any CPU.Build.0 = Debug|Any CPU
		{A4395EC9-46F2-4276-9935-865D90946345}.Debug|x64.ActiveCfg = Debug|Any CPU
		{A4395EC9-46F2-4276-9935-865D90946345}.Debug|x64.Build.0 = Debug|Any CPU
		{A4395EC9-46F2-4276-9935-865D90946345}.Debug|x86.ActiveCfg = Debug|Any CPU
		{A4395EC9-46F2-4276-9935-865D90946345}.Debug|x86.Build.0 = Debug|Any CPU
		{A4395EC9-46F2-4276-9935-865D90946345}.Release|Any CPU.ActiveCfg = Release|Any CPU
		{A4395EC9-46F2-4276-9935-865D90946345}.Release|Any CPU.Build.0 = Release|Any CPU
		{A4395EC9-46F2-4276-9935-865D90946345}.Release|x64.ActiveCfg = Release|Any CPU
		{A4395EC9-46F2-4276-9935-865D90946345}.Release|x64.Build.0 = Release|Any CPU
		{A4395EC9-46F2-4276-9935-865D90946345}.Release|x86.ActiveCfg = Release|Any CPU
		{A4395EC9-46F2-4276-9935-865D90946345}.Release|x86.Build.0 = Release|Any CPU
		{FFDEA588-7659-4226-AE4B-83FE7363C5F5}.Debug|Any CPU.ActiveCfg = Debug|Any CPU
		{FFDEA588-7659-4226-AE4B-83FE7363C5F5}.Debug|Any CPU.Build.0 = Debug|Any CPU
		{FFDEA588-7659-4226-AE4B-83FE7363C5F5}.Debug|x64.ActiveCfg = Debug|Any CPU
		{FFDEA588-7659-4226-AE4B-83FE7363C5F5}.Debug|x64.Build.0 = Debug|Any CPU
		{FFDEA588-7659-4226-AE4B-83FE7363C5F5}.Debug|x86.ActiveCfg = Debug|Any CPU
		{FFDEA588-7659-4226-AE4B-83FE7363C5F5}.Debug|x86.Build.0 = Debug|Any CPU
		{FFDEA588-7659-4226-AE4B-83FE7363C5F5}.Release|Any CPU.ActiveCfg = Release|Any CPU
		{FFDEA588-7659-4226-AE4B-83FE7363C5F5}.Release|Any CPU.Build.0 = Release|Any CPU
		{FFDEA588-7659-4226-AE4B-83FE7363C5F5}.Release|x64.ActiveCfg = Release|Any CPU
		{FFDEA588-7659-4226-AE4B-83FE7363C5F5}.Release|x64.Build.0 = Release|Any CPU
		{FFDEA588-7659-4226-AE4B-83FE7363C5F5}.Release|x86.ActiveCfg = Release|Any CPU
		{FFDEA588-7659-4226-AE4B-83FE7363C5F5}.Release|x86.Build.0 = Release|Any CPU
		{627B32DD-77F4-458F-88C2-EA9532288F95}.Debug|Any CPU.ActiveCfg = Debug|Any CPU
		{627B32DD-77F4-458F-88C2-EA9532288F95}.Debug|Any CPU.Build.0 = Debug|Any CPU
		{627B32DD-77F4-458F-88C2-EA9532288F95}.Debug|x64.ActiveCfg = Debug|Any CPU
		{627B32DD-77F4-458F-88C2-EA9532288F95}.Debug|x64.Build.0 = Debug|Any CPU
		{627B32DD-77F4-458F-88C2-EA9532288F95}.Debug|x86.ActiveCfg = Debug|Any CPU
		{627B32DD-77F4-458F-88C2-EA9532288F95}.Debug|x86.Build.0 = Debug|Any CPU
		{627B32DD-77F4-458F-88C2-EA9532288F95}.Release|Any CPU.ActiveCfg = Release|Any CPU
		{627B32DD-77F4-458F-88C2-EA9532288F95}.Release|Any CPU.Build.0 = Release|Any CPU
		{627B32DD-77F4-458F-88C2-EA9532288F95}.Release|x64.ActiveCfg = Release|Any CPU
		{627B32DD-77F4-458F-88C2-EA9532288F95}.Release|x64.Build.0 = Release|Any CPU
		{627B32DD-77F4-458F-88C2-EA9532288F95}.Release|x86.ActiveCfg = Release|Any CPU
		{627B32DD-77F4-458F-88C2-EA9532288F95}.Release|x86.Build.0 = Release|Any CPU
		{2357F78F-1E71-430C-822D-F504EB33B5DD}.Debug|Any CPU.ActiveCfg = Debug|Any CPU
		{2357F78F-1E71-430C-822D-F504EB33B5DD}.Debug|Any CPU.Build.0 = Debug|Any CPU
		{2357F78F-1E71-430C-822D-F504EB33B5DD}.Debug|x64.ActiveCfg = Debug|Any CPU
		{2357F78F-1E71-430C-822D-F504EB33B5DD}.Debug|x64.Build.0 = Debug|Any CPU
		{2357F78F-1E71-430C-822D-F504EB33B5DD}.Debug|x86.ActiveCfg = Debug|Any CPU
		{2357F78F-1E71-430C-822D-F504EB33B5DD}.Debug|x86.Build.0 = Debug|Any CPU
		{2357F78F-1E71-430C-822D-F504EB33B5DD}.Release|Any CPU.ActiveCfg = Release|Any CPU
		{2357F78F-1E71-430C-822D-F504EB33B5DD}.Release|Any CPU.Build.0 = Release|Any CPU
		{2357F78F-1E71-430C-822D-F504EB33B5DD}.Release|x64.ActiveCfg = Release|Any CPU
		{2357F78F-1E71-430C-822D-F504EB33B5DD}.Release|x64.Build.0 = Release|Any CPU
		{2357F78F-1E71-430C-822D-F504EB33B5DD}.Release|x86.ActiveCfg = Release|Any CPU
		{2357F78F-1E71-430C-822D-F504EB33B5DD}.Release|x86.Build.0 = Release|Any CPU
		{E7354E66-39F1-4F20-B3A8-A01DF754CCF2}.Debug|Any CPU.ActiveCfg = Debug|Any CPU
		{E7354E66-39F1-4F20-B3A8-A01DF754CCF2}.Debug|Any CPU.Build.0 = Debug|Any CPU
		{E7354E66-39F1-4F20-B3A8-A01DF754CCF2}.Debug|x64.ActiveCfg = Debug|Any CPU
		{E7354E66-39F1-4F20-B3A8-A01DF754CCF2}.Debug|x64.Build.0 = Debug|Any CPU
		{E7354E66-39F1-4F20-B3A8-A01DF754CCF2}.Debug|x86.ActiveCfg = Debug|Any CPU
		{E7354E66-39F1-4F20-B3A8-A01DF754CCF2}.Debug|x86.Build.0 = Debug|Any CPU
		{E7354E66-39F1-4F20-B3A8-A01DF754CCF2}.Release|Any CPU.ActiveCfg = Release|Any CPU
		{E7354E66-39F1-4F20-B3A8-A01DF754CCF2}.Release|Any CPU.Build.0 = Release|Any CPU
		{E7354E66-39F1-4F20-B3A8-A01DF754CCF2}.Release|x64.ActiveCfg = Release|Any CPU
		{E7354E66-39F1-4F20-B3A8-A01DF754CCF2}.Release|x64.Build.0 = Release|Any CPU
		{E7354E66-39F1-4F20-B3A8-A01DF754CCF2}.Release|x86.ActiveCfg = Release|Any CPU
		{E7354E66-39F1-4F20-B3A8-A01DF754CCF2}.Release|x86.Build.0 = Release|Any CPU
		{86A6ADA1-B4AC-49C0-B75F-39324862403C}.Debug|Any CPU.ActiveCfg = Debug|Any CPU
		{86A6ADA1-B4AC-49C0-B75F-39324862403C}.Debug|Any CPU.Build.0 = Debug|Any CPU
		{86A6ADA1-B4AC-49C0-B75F-39324862403C}.Debug|x64.ActiveCfg = Debug|Any CPU
		{86A6ADA1-B4AC-49C0-B75F-39324862403C}.Debug|x64.Build.0 = Debug|Any CPU
		{86A6ADA1-B4AC-49C0-B75F-39324862403C}.Debug|x86.ActiveCfg = Debug|Any CPU
		{86A6ADA1-B4AC-49C0-B75F-39324862403C}.Debug|x86.Build.0 = Debug|Any CPU
		{86A6ADA1-B4AC-49C0-B75F-39324862403C}.Release|Any CPU.ActiveCfg = Release|Any CPU
		{86A6ADA1-B4AC-49C0-B75F-39324862403C}.Release|Any CPU.Build.0 = Release|Any CPU
		{86A6ADA1-B4AC-49C0-B75F-39324862403C}.Release|x64.ActiveCfg = Release|Any CPU
		{86A6ADA1-B4AC-49C0-B75F-39324862403C}.Release|x64.Build.0 = Release|Any CPU
		{86A6ADA1-B4AC-49C0-B75F-39324862403C}.Release|x86.ActiveCfg = Release|Any CPU
		{86A6ADA1-B4AC-49C0-B75F-39324862403C}.Release|x86.Build.0 = Release|Any CPU
		{AE5769BD-7730-46D6-B19C-C7F8C8074ECE}.Debug|Any CPU.ActiveCfg = Debug|Any CPU
		{AE5769BD-7730-46D6-B19C-C7F8C8074ECE}.Debug|Any CPU.Build.0 = Debug|Any CPU
		{AE5769BD-7730-46D6-B19C-C7F8C8074ECE}.Debug|x64.ActiveCfg = Debug|Any CPU
		{AE5769BD-7730-46D6-B19C-C7F8C8074ECE}.Debug|x64.Build.0 = Debug|Any CPU
		{AE5769BD-7730-46D6-B19C-C7F8C8074ECE}.Debug|x86.ActiveCfg = Debug|Any CPU
		{AE5769BD-7730-46D6-B19C-C7F8C8074ECE}.Debug|x86.Build.0 = Debug|Any CPU
		{AE5769BD-7730-46D6-B19C-C7F8C8074ECE}.Release|Any CPU.ActiveCfg = Release|Any CPU
		{AE5769BD-7730-46D6-B19C-C7F8C8074ECE}.Release|Any CPU.Build.0 = Release|Any CPU
		{AE5769BD-7730-46D6-B19C-C7F8C8074ECE}.Release|x64.ActiveCfg = Release|Any CPU
		{AE5769BD-7730-46D6-B19C-C7F8C8074ECE}.Release|x64.Build.0 = Release|Any CPU
		{AE5769BD-7730-46D6-B19C-C7F8C8074ECE}.Release|x86.ActiveCfg = Release|Any CPU
		{AE5769BD-7730-46D6-B19C-C7F8C8074ECE}.Release|x86.Build.0 = Release|Any CPU
		{9BA2D7CD-8A5C-4C81-8D12-16BB15A86057}.Debug|Any CPU.ActiveCfg = Debug|Any CPU
		{9BA2D7CD-8A5C-4C81-8D12-16BB15A86057}.Debug|Any CPU.Build.0 = Debug|Any CPU
		{9BA2D7CD-8A5C-4C81-8D12-16BB15A86057}.Debug|x64.ActiveCfg = Debug|Any CPU
		{9BA2D7CD-8A5C-4C81-8D12-16BB15A86057}.Debug|x64.Build.0 = Debug|Any CPU
		{9BA2D7CD-8A5C-4C81-8D12-16BB15A86057}.Debug|x86.ActiveCfg = Debug|Any CPU
		{9BA2D7CD-8A5C-4C81-8D12-16BB15A86057}.Debug|x86.Build.0 = Debug|Any CPU
		{9BA2D7CD-8A5C-4C81-8D12-16BB15A86057}.Release|Any CPU.ActiveCfg = Release|Any CPU
		{9BA2D7CD-8A5C-4C81-8D12-16BB15A86057}.Release|Any CPU.Build.0 = Release|Any CPU
		{9BA2D7CD-8A5C-4C81-8D12-16BB15A86057}.Release|x64.ActiveCfg = Release|Any CPU
		{9BA2D7CD-8A5C-4C81-8D12-16BB15A86057}.Release|x64.Build.0 = Release|Any CPU
		{9BA2D7CD-8A5C-4C81-8D12-16BB15A86057}.Release|x86.ActiveCfg = Release|Any CPU
		{9BA2D7CD-8A5C-4C81-8D12-16BB15A86057}.Release|x86.Build.0 = Release|Any CPU
	EndGlobalSection
	GlobalSection(SolutionProperties) = preSolution
		HideSolutionNode = FALSE
	EndGlobalSection
	GlobalSection(NestedProjects) = preSolution
		{A4395EC9-46F2-4276-9935-865D90946345} = {A782C26A-40BE-4BDD-9FB5-2EB4C6A228E5}
		{A782C26A-40BE-4BDD-9FB5-2EB4C6A228E5} = {472899F5-8247-468B-BE31-E6D692C797D3}
		{8F25E1F2-D5F9-4CD1-AD94-E89288E007CF} = {472899F5-8247-468B-BE31-E6D692C797D3}
		{BA84A460-EFAC-417D-A3E4-51514D5FEC7F} = {F2C02898-A191-478F-873F-C5D96FABC134}
		{9E723D17-68AE-4907-A7C5-6F8EAA929EA3} = {F2C02898-A191-478F-873F-C5D96FABC134}
		{FFDEA588-7659-4226-AE4B-83FE7363C5F5} = {A782C26A-40BE-4BDD-9FB5-2EB4C6A228E5}
		{627B32DD-77F4-458F-88C2-EA9532288F95} = {8F25E1F2-D5F9-4CD1-AD94-E89288E007CF}
		{2357F78F-1E71-430C-822D-F504EB33B5DD} = {BA84A460-EFAC-417D-A3E4-51514D5FEC7F}
		{E7354E66-39F1-4F20-B3A8-A01DF754CCF2} = {9E723D17-68AE-4907-A7C5-6F8EAA929EA3}
		{86A6ADA1-B4AC-49C0-B75F-39324862403C} = {8F25E1F2-D5F9-4CD1-AD94-E89288E007CF}
		{AE5769BD-7730-46D6-B19C-C7F8C8074ECE} = {BA84A460-EFAC-417D-A3E4-51514D5FEC7F}
		{9BA2D7CD-8A5C-4C81-8D12-16BB15A86057} = {9E723D17-68AE-4907-A7C5-6F8EAA929EA3}
	EndGlobalSection
	GlobalSection(ExtensibilityGlobals) = postSolution
		SolutionGuid = {D10CD243-B384-4870-BF23-64901DEBF71D}
	EndGlobalSection
EndGlobal
